
Microsoft Visual Studio Solution File, Format Version 12.00
# Visual Studio Version 16
VisualStudioVersion = 16.0.30717.126
MinimumVisualStudioVersion = 10.0.40219.1
Project("{FAE04EC0-301F-11D3-BF4B-00C04F79EFBC}") = "TriviaGame", "TriviaGame\TriviaGame.csproj", "{578735BE-D01F-451F-8599-61154A10DEB3}"
EndProject
Global
	GlobalSection(SolutionConfigurationPlatforms) = preSolution
		Debug|Any CPU = Debug|Any CPU
		Release|Any CPU = Release|Any CPU
	EndGlobalSection
	GlobalSection(ProjectConfigurationPlatforms) = postSolution
		{578735BE-D01F-451F-8599-61154A10DEB3}.Debug|Any CPU.ActiveCfg = Debug|Any CPU
		{578735BE-D01F-451F-8599-61154A10DEB3}.Debug|Any CPU.Build.0 = Debug|Any CPU
		{578735BE-D01F-451F-8599-61154A10DEB3}.Release|Any CPU.ActiveCfg = Release|Any CPU
		{578735BE-D01F-451F-8599-61154A10DEB3}.Release|Any CPU.Build.0 = Release|Any CPU
	EndGlobalSection
	GlobalSection(SolutionProperties) = preSolution
		HideSolutionNode = FALSE
	EndGlobalSection
	GlobalSection(ExtensibilityGlobals) = postSolution
		SolutionGuid = {D579165C-0D8C-4DCB-9C68-2539DC471463}
	EndGlobalSection
EndGlobal
